{
  "name": "PUBLIC-EYE",
  "lockfileVersion": 3,
  "requires": true,
  "packages": {
    "": {
      "dependencies": {
        "@posthog/react": "^1.10.3",
        "posthog-js": "^1.407.0"
      }
    },
    "node_modules/@posthog/browser-common": {
      "version": "0.2.0",
      "resolved": "https://registry.npmjs.org/@posthog/browser-common/-/browser-common-0.2.0.tgz",
      "integrity": "sha512-w+/0/Be/x48uNM7d/M37ZimSGwhuh8WBSvx61xzKzFnuoV5HqmH7GNDhaM3E3exXoBZmWNPS8hM/Ufy8zoOQSg==",
      "license": "MIT",
      "dependencies": {
        "@posthog/core": "^1.44.0",
        "@posthog/types": "^1.397.1"
      }
    },
    "node_modules/@posthog/core": {
      "version": "1.45.0",
      "resolved": "https://registry.npmjs.org/@posthog/core/-/core-1.45.0.tgz",
      "integrity": "sha512-nP5FGwkIk8Ngy45BHzwN/kBGV6jqNZINn+iSge5CbdjMevZsEYK8OG3QOSyysml3yWn4tsRJroGi76+HrBIJuQ==",
      "license": "MIT",
      "dependencies": {
        "@posthog/types": "^1.398.0"
      }
    },
    "node_modules/@posthog/react": {
      "version": "1.10.3",
      "resolved": "https://registry.npmjs.org/@posthog/react/-/react-1.10.3.tgz",
      "integrity": "sha512-Qu//fGQmVlX0B9kTA3LLg67e7AYLEmeuA0Bf1qSyUM0uUILcRQGjQezhNQPLYSTakOqvXEnl6fM2iQBF6Toxrw==",
      "license": "MIT",
      "peerDependencies": {
        "@types/react": ">=16.8.0",
        "posthog-js": ">=1.257.2",
        "react": ">=16.8.0"
      },
      "peerDependenciesMeta": {
        "@types/react": {
          "optional": true
        }
      }
    },
    "node_modules/@posthog/types": {
      "version": "1.398.0",
      "resolved": "https://registry.npmjs.org/@posthog/types/-/types-1.398.0.tgz",
      "integrity": "sha512-sJMkl4k+u8yS/0fjHsKqE9xTdsAh30a2WvgChiptellnVoE0e8QJKFgqOMD2sk8FaEArPdeFklAhXvmENAt3Sg==",
      "license": "MIT"
    },
    "node_modules/@types/trusted-types": {
      "version": "2.0.7",
      "resolved": "https://registry.npmjs.org/@types/trusted-types/-/trusted-types-2.0.7.tgz",
      "integrity": "sha512-ScaPdn1dQczgbl0QFTeTOmVHFULt394XJgOQNoyVhZ6r2vLnMLJfBPd53SB52T/3G36VI1/g2MZaX0cwDuXsfw==",
      "license": "MIT",
      "optional": true
    },
    "node_modules/core-js": {
      "version": "3.49.0",
      "resolved": "https://registry.npmjs.org/core-js/-/core-js-3.49.0.tgz",
      "integrity": "sha512-es1U2+YTtzpwkxVLwAFdSpaIMyQaq0PBgm3YD1W3Qpsn1NAmO3KSgZfu+oGSWVu6NvLHoHCV/aYcsE5wiB7ALg==",
      "hasInstallScript": true,
      "license": "MIT",
      "funding": {
        "type": "opencollective",
        "url": "https://opencollective.com/core-js"
      }
    },
    "node_modules/dompurify": {
      "version": "3.4.12",
      "resolved": "https://registry.npmjs.org/dompurify/-/dompurify-3.4.12.tgz",
      "integrity": "sha512-zQvGet8Z2sWbQhCmfFz/T5QWH2oBmjnqK3qvOjaqaNLrLEF912WamU+ohnTp0TCep/MFVHpdJuCZEdFOdTnEFg==",
      "license": "(MPL-2.0 OR Apache-2.0)",
      "optionalDependencies": {
        "@types/trusted-types": "^2.0.7"
      }
    },
    "node_modules/fflate": {
      "version": "0.4.9",
      "resolved": "https://registry.npmjs.org/fflate/-/fflate-0.4.9.tgz",
      "integrity": "sha512-zdxgIEddhfsyCaWpJ2SdXEP8ZMrKJ6+5jl4OupODcywU0IhRk6gdXuVGcPICyfx2H97hVK7xmJtRLPjkxAX8Vw==",
      "license": "MIT"
    },
    "node_modules/js-tokens": {
      "version": "4.0.0",
      "license": "MIT",
      "peer": true
    },
    "node_modules/loose-envify": {
      "version": "1.4.0",
      "license": "MIT",
      "peer": true,
      "dependencies": {
        "js-tokens": "^3.0.0 || ^4.0.0"
      },
      "bin": {
        "loose-envify": "cli.js"
      }
    },
    "node_modules/posthog-js": {
      "version": "1.407.0",
      "resolved": "https://registry.npmjs.org/posthog-js/-/posthog-js-1.407.0.tgz",
      "integrity": "sha512-HtVdHlnAVJ+s0XGS2n5V5HflJYnG0X1pqjcOUF5Goid+C+zjRrhUJbYiXeugMLpn2vUBsXXEXHj22bNmi9CeKQ==",
      "license": "(Apache-2.0 AND MIT)",
      "dependencies": {
        "@posthog/browser-common": "^0.2.0",
        "@posthog/core": "^1.45.0",
        "@posthog/types": "^1.398.0",
        "core-js": "^3.49.0",
        "dompurify": "^3.3.2",
        "fflate": "^0.4.8",
        "preact": "^10.29.3",
        "query-selector-shadow-dom": "^1.0.1",
        "web-vitals": "^5.3.0"
      }
    },
    "node_modules/preact": {
      "version": "10.29.7",
      "resolved": "https://registry.npmjs.org/preact/-/preact-10.29.7.tgz",
      "integrity": "sha512-DCHYrK/B10yUD3ZjLfhZ3WIE/9Vf9VFUODcRE2dRomTYDpJk6z6L9wecSfhfE6M9ZTHUdyQkoC46arIDhEV84Q==",
      "license": "MIT",
      "funding": {
        "type": "opencollective",
        "url": "https://opencollective.com/preact"
      },
      "peerDependencies": {
        "preact-render-to-string": ">=5"
      },
      "peerDependenciesMeta": {
        "preact-render-to-string": {
          "optional": true
        }
      }
    },
    "node_modules/query-selector-shadow-dom": {
      "version": "1.0.1",
      "resolved": "https://registry.npmjs.org/query-selector-shadow-dom/-/query-selector-shadow-dom-1.0.1.tgz",
      "integrity": "sha512-lT5yCqEBgfoMYpf3F2xQRK7zEr1rhIIZuceDK6+xRkJQ4NMbHTwXqk4NkwDwQMNqXgG9r9fyHnzwNVs6zV5KRw==",
      "license": "MIT"
    },
    "node_modules/react": {
      "version": "18.3.1",
      "license": "MIT",
      "peer": true,
      "dependencies": {
        "loose-envify": "^1.1.0"
      },
      "engines": {
        "node": ">=0.10.0"
      }
    },
    "node_modules/web-vitals": {
      "version": "5.3.0",
      "resolved": "https://registry.npmjs.org/web-vitals/-/web-vitals-5.3.0.tgz",
      "integrity": "sha512-q6LWsLatGYZp5VGBIOvbTj6JBV2nOmC8KvWztXBmwJcfFAzhwKwbOxhUH306XY3CcaZDUlSmSuNPBsCn0bFu+g==",
      "license": "Apache-2.0"
    }
  }
}
